
Microsoft Visual Studio Solution File, Format Version 12.00
# Visual Studio Version 17
VisualStudioVersion = 17.1.32421.90
MinimumVisualStudioVersion = 10.0.40219.1
Project("{FAE04EC0-301F-11D3-BF4B-00C04F79EFBC}") = "FSModMan", "FSModMan.csproj", "{B330C813-F212-4C90-8D86-2DE55C5FD6A2}"
EndProject
Global
	GlobalSection(SolutionConfigurationPlatforms) = preSolution
		Debug|Any CPU = Debug|Any CPU
		Release|Any CPU = Release|Any CPU
	EndGlobalSection
	GlobalSection(ProjectConfigurationPlatforms) = postSolution
		{B330C813-F212-4C90-8D86-2DE55C5FD6A2}.Debug|Any CPU.ActiveCfg = Debug|Any CPU
		{B330C813-F212-4C90-8D86-2DE55C5FD6A2}.Debug|Any CPU.Build.0 = Debug|Any CPU
		{B330C813-F212-4C90-8D86-2DE55C5FD6A2}.Release|Any CPU.ActiveCfg = Release|Any CPU
		{B330C813-F212-4C90-8D86-2DE55C5FD6A2}.Release|Any CPU.Build.0 = Release|Any CPU
	EndGlobalSection
	GlobalSection(SolutionProperties) = preSolution
		HideSolutionNode = FALSE
	EndGlobalSection
	GlobalSection(ExtensibilityGlobals) = postSolution
		SolutionGuid = {362D7BF5-FC37-4B0D-B894-59519EB6B66B}
	EndGlobalSection
EndGlobal
